
Microsoft Visual Studio Solution File, Format Version 12.00
# Visual Studio Version 16
VisualStudioVersion = 16.0.29509.3
MinimumVisualStudioVersion = 10.0.40219.1
Project("{FAE04EC0-301F-11D3-BF4B-00C04F79EFBC}") = "HubSignalRLearning", "HubSignalRLearning\HubSignalRLearning.csproj", "{2AAC4159-0890-44A9-A0BA-C4499DAE4138}"
EndProject
Global
	GlobalSection(SolutionConfigurationPlatforms) = preSolution
		Debug|Any CPU = Debug|Any CPU
		Release|Any CPU = Release|Any CPU
	EndGlobalSection
	GlobalSection(ProjectConfigurationPlatforms) = postSolution
		{2AAC4159-0890-44A9-A0BA-C4499DAE4138}.Debug|Any CPU.ActiveCfg = Debug|Any CPU
		{2AAC4159-0890-44A9-A0BA-C4499DAE4138}.Debug|Any CPU.Build.0 = Debug|Any CPU
		{2AAC4159-0890-44A9-A0BA-C4499DAE4138}.Release|Any CPU.ActiveCfg = Release|Any CPU
		{2AAC4159-0890-44A9-A0BA-C4499DAE4138}.Release|Any CPU.Build.0 = Release|Any CPU
	EndGlobalSection
	GlobalSection(SolutionProperties) = preSolution
		HideSolutionNode = FALSE
	EndGlobalSection
	GlobalSection(ExtensibilityGlobals) = postSolution
		SolutionGuid = {626A1F59-9E57-4A8E-847B-C45FC6BDC5A8}
	EndGlobalSection
EndGlobal
